
Microsoft Visual Studio Solution File, Format Version 12.00
# Visual Studio 15
VisualStudioVersion = 15.0.27703.2026
MinimumVisualStudioVersion = 10.0.40219.1
Project("{9A19103F-16F7-4668-BE54-9A1E7A4F7556}") = "NLanguageTag", "NLanguageTag\NLanguageTag.csproj", "{004A2936-19F5-4569-9866-DBC0685E89C5}"
EndProject
Project("{9A19103F-16F7-4668-BE54-9A1E7A4F7556}") = "NLanguageTag.Tests", "NLanguageTag.Tests\NLanguageTag.Tests.csproj", "{61855940-1B59-42CA-A570-73884CBA76FE}"
EndProject
Project("{2150E333-8FDC-42A3-9474-1A3956D46DE8}") = "T4Templates", "T4Templates", "{404044AF-56F0-4AC9-9846-512DC2116AF6}"
	ProjectSection(SolutionItems) = preProject
		T4Templates\MultipleOutputHelper.ttinclude = T4Templates\MultipleOutputHelper.ttinclude
	EndProjectSection
EndProject
Project("{2150E333-8FDC-42A3-9474-1A3956D46DE8}") = "doc", "doc", "{EE453A37-89E9-4FE4-8AE8-F408C126F94E}"
ProjectSection(SolutionItems) = preProject
	doc\references.txt = doc\references.txt
EndProjectSection
EndProject
Project("{FAE04EC0-301F-11D3-BF4B-00C04F79EFBC}") = "NLanguageTag.Benchmark", "NLanguageTag.Benchmark\NLanguageTag.Benchmark.csproj", "{2F44D184-03DA-4C44-A88C-8067CBED7E5D}"
EndProject
Project("{FAE04EC0-301F-11D3-BF4B-00C04F79EFBC}") = "T4Tools", "T4Tools\T4Tools.csproj", "{20EE6618-205E-4887-B878-FEBC8AC073DE}"
EndProject
Project("{FAE04EC0-301F-11D3-BF4B-00C04F79EFBC}") = "T4Tools.Tests", "T4Tools.Tests\T4Tools.Tests.csproj", "{124030BB-4C0C-4BBD-B26E-AB09EBEE13BC}"
EndProject
Project("{FAE04EC0-301F-11D3-BF4B-00C04F79EFBC}") = "RegistryToSource", "RegistryToSource\RegistryToSource.csproj", "{37A6511C-D632-4178-AC3A-20BBB8D2A269}"
EndProject
Project("{FAE04EC0-301F-11D3-BF4B-00C04F79EFBC}") = "RegistryToSource.Tests", "RegistryToSource.Tests\RegistryToSource.Tests.csproj", "{71D376AA-F63A-464E-AE6D-15C516B1859C}"
EndProject
Global
	GlobalSection(SolutionConfigurationPlatforms) = preSolution
		Debug|Any CPU = Debug|Any CPU
		Release|Any CPU = Release|Any CPU
	EndGlobalSection
	GlobalSection(ProjectConfigurationPlatforms) = postSolution
		{004A2936-19F5-4569-9866-DBC0685E89C5}.Debug|Any CPU.ActiveCfg = Debug|Any CPU
		{004A2936-19F5-4569-9866-DBC0685E89C5}.Debug|Any CPU.Build.0 = Debug|Any CPU
		{004A2936-19F5-4569-9866-DBC0685E89C5}.Release|Any CPU.ActiveCfg = Release|Any CPU
		{004A2936-19F5-4569-9866-DBC0685E89C5}.Release|Any CPU.Build.0 = Release|Any CPU
		{61855940-1B59-42CA-A570-73884CBA76FE}.Debug|Any CPU.ActiveCfg = Debug|Any CPU
		{61855940-1B59-42CA-A570-73884CBA76FE}.Debug|Any CPU.Build.0 = Debug|Any CPU
		{61855940-1B59-42CA-A570-73884CBA76FE}.Release|Any CPU.ActiveCfg = Release|Any CPU
		{61855940-1B59-42CA-A570-73884CBA76FE}.Release|Any CPU.Build.0 = Release|Any CPU
		{2F44D184-03DA-4C44-A88C-8067CBED7E5D}.Debug|Any CPU.ActiveCfg = Debug|Any CPU
		{2F44D184-03DA-4C44-A88C-8067CBED7E5D}.Debug|Any CPU.Build.0 = Debug|Any CPU
		{2F44D184-03DA-4C44-A88C-8067CBED7E5D}.Release|Any CPU.ActiveCfg = Release|Any CPU
		{2F44D184-03DA-4C44-A88C-8067CBED7E5D}.Release|Any CPU.Build.0 = Release|Any CPU
		{20EE6618-205E-4887-B878-FEBC8AC073DE}.Debug|Any CPU.ActiveCfg = Debug|Any CPU
		{20EE6618-205E-4887-B878-FEBC8AC073DE}.Debug|Any CPU.Build.0 = Debug|Any CPU
		{20EE6618-205E-4887-B878-FEBC8AC073DE}.Release|Any CPU.ActiveCfg = Release|Any CPU
		{20EE6618-205E-4887-B878-FEBC8AC073DE}.Release|Any CPU.Build.0 = Release|Any CPU
		{124030BB-4C0C-4BBD-B26E-AB09EBEE13BC}.Debug|Any CPU.ActiveCfg = Debug|Any CPU
		{124030BB-4C0C-4BBD-B26E-AB09EBEE13BC}.Debug|Any CPU.Build.0 = Debug|Any CPU
		{124030BB-4C0C-4BBD-B26E-AB09EBEE13BC}.Release|Any CPU.ActiveCfg = Release|Any CPU
		{124030BB-4C0C-4BBD-B26E-AB09EBEE13BC}.Release|Any CPU.Build.0 = Release|Any CPU
		{37A6511C-D632-4178-AC3A-20BBB8D2A269}.Debug|Any CPU.ActiveCfg = Debug|Any CPU
		{37A6511C-D632-4178-AC3A-20BBB8D2A269}.Debug|Any CPU.Build.0 = Debug|Any CPU
		{37A6511C-D632-4178-AC3A-20BBB8D2A269}.Release|Any CPU.ActiveCfg = Release|Any CPU
		{37A6511C-D632-4178-AC3A-20BBB8D2A269}.Release|Any CPU.Build.0 = Release|Any CPU
		{71D376AA-F63A-464E-AE6D-15C516B1859C}.Debug|Any CPU.ActiveCfg = Debug|Any CPU
		{71D376AA-F63A-464E-AE6D-15C516B1859C}.Debug|Any CPU.Build.0 = Debug|Any CPU
		{71D376AA-F63A-464E-AE6D-15C516B1859C}.Release|Any CPU.ActiveCfg = Release|Any CPU
		{71D376AA-F63A-464E-AE6D-15C516B1859C}.Release|Any CPU.Build.0 = Release|Any CPU
	EndGlobalSection
	GlobalSection(SolutionProperties) = preSolution
		HideSolutionNode = FALSE
	EndGlobalSection
	GlobalSection(ExtensibilityGlobals) = postSolution
		SolutionGuid = {F6D5DE7A-1AAE-4243-A1FF-9417757946AC}
	EndGlobalSection
EndGlobal
